
Microsoft Visual Studio Solution File, Format Version 12.00
# Visual Studio Version 17
VisualStudioVersion = 17.14.36623.8 d17.14
MinimumVisualStudioVersion = 10.0.40219.1
Project("{FAE04EC0-301F-11D3-BF4B-00C04F79EFBC}") = "Lab03_Quanlysinhvien", "Lab03_Quanlysinhvien\Lab03_Quanlysinhvien.csproj", "{3B47F9BD-2631-4262-9A8C-C6AF1B0D77E5}"
EndProject
Global
	GlobalSection(SolutionConfigurationPlatforms) = preSolution
		Debug|Any CPU = Debug|Any CPU
		Release|Any CPU = Release|Any CPU
	EndGlobalSection
	GlobalSection(ProjectConfigurationPlatforms) = postSolution
		{3B47F9BD-2631-4262-9A8C-C6AF1B0D77E5}.Debug|Any CPU.ActiveCfg = Debug|Any CPU
		{3B47F9BD-2631-4262-9A8C-C6AF1B0D77E5}.Debug|Any CPU.Build.0 = Debug|Any CPU
		{3B47F9BD-2631-4262-9A8C-C6AF1B0D77E5}.Release|Any CPU.ActiveCfg = Release|Any CPU
		{3B47F9BD-2631-4262-9A8C-C6AF1B0D77E5}.Release|Any CPU.Build.0 = Release|Any CPU
	EndGlobalSection
	GlobalSection(SolutionProperties) = preSolution
		HideSolutionNode = FALSE
	EndGlobalSection
	GlobalSection(ExtensibilityGlobals) = postSolution
		SolutionGuid = {9C9F0115-A4CB-4213-89B7-DD7F17536B09}
	EndGlobalSection
EndGlobal
